// !$*UTF8*$!
{
	archiveVersion = 1;
	classes = {
	};
	objectVersion = 48;
	objects = {

/* Begin PBXBuildFile section */
		2B2B64511EFBBCD300779BAF /* AppDelegate.m in Sources */ = {isa = PBXBuildFile; fileRef = 2B2B64501EFBBCD300779BAF /* AppDelegate.m */; };
		2B2B64531EFBBCD300779BAF /* art.scnassets in Resources */ = {isa = PBXBuildFile; fileRef = 2B2B64521EFBBCD300779BAF /* art.scnassets */; };
		2B2B64561EFBBCD300779BAF /* ViewController.m in Sources */ = {isa = PBXBuildFile; fileRef = 2B2B64551EFBBCD300779BAF /* ViewController.m */; };
		2B2B645B1EFBBCD300779BAF /* Assets.xcassets in Resources */ = {isa = PBXBuildFile; fileRef = 2B2B645A1EFBBCD300779BAF /* Assets.xcassets */; };
		2B2B645E1EFBBCD300779BAF /* LaunchScreen.storyboard in Resources */ = {isa = PBXBuildFile; fileRef = 2B2B645C1EFBBCD300779BAF /* LaunchScreen.storyboard */; };
		2B2B64611EFBBCD300779BAF /* main.m in Sources */ = {isa = PBXBuildFile; fileRef = 2B2B64601EFBBCD300779BAF /* main.m */; };
		2B2B646B1EFBBCD300779BAF /* ARDemoTests.m in Sources */ = {isa = PBXBuildFile; fileRef = 2B2B646A1EFBBCD300779BAF /* ARDemoTests.m */; };
		2B2B64761EFBBCD300779BAF /* ARDemoUITests.m in Sources */ = {isa = PBXBuildFile; fileRef = 2B2B64751EFBBCD300779BAF /* ARDemoUITests.m */; };
/* End PBXBuildFile section */

/* Begin PBXContainerItemProxy section */
		2B2B64671EFBBCD300779BAF /* PBXContainerItemProxy */ = {
			isa = PBXContainerItemProxy;
			containerPortal = 2B2B64441EFBBCD300779BAF /* Project object */;
			proxyType = 1;
			remoteGlobalIDString = 2B2B644B1EFBBCD300779BAF;
			remoteInfo = ARDemo;
		};
		2B2B64721EFBBCD300779BAF /* PBXContainerItemProxy */ = {
			isa = PBXContainerItemProxy;
			containerPortal = 2B2B64441EFBBCD300779BAF /* Project object */;
			proxyType = 1;
			remoteGlobalIDString = 2B2B644B1EFBBCD300779BAF;
			remoteInfo = ARDemo;
		};
/* End PBXContainerItemProxy section */

/* Begin PBXFileReference section */
		2B2B644C1EFBBCD300779BAF /* ARDemo.app */ = {isa = PBXFileReference; explicitFileType = wrapper.application; includeInIndex = 0; path = ARDemo.app; sourceTree = BUILT_PRODUCTS_DIR; };
		2B2B644F1EFBBCD300779BAF /* AppDelegate.h */ = {isa = PBXFileReference; lastKnownFileType = sourcecode.c.h; path = AppDelegate.h; sourceTree = "<group>"; };
		2B2B64501EFBBCD300779BAF /* AppDelegate.m */ = {isa = PBXFileReference; lastKnownFileType = sourcecode.c.objc; path = AppDelegate.m; sourceTree = "<group>"; };
		2B2B64521EFBBCD300779BAF /* art.scnassets */ = {isa = PBXFileReference; lastKnownFileType = wrapper.scnassets; path = art.scnassets; sourceTree = "<group>"; };
		2B2B64541EFBBCD300779BAF /* ViewController.h */ = {isa = PBXFileReference; lastKnownFileType = sourcecode.c.h; path = ViewController.h; sourceTree = "<group>"; };
		2B2B64551EFBBCD300779BAF /* ViewController.m */ = {isa = PBXFileReference; lastKnownFileType = sourcecode.c.objc; path = ViewController.m; sourceTree = "<group>"; };
		2B2B645A1EFBBCD300779BAF /* Assets.xcassets */ = {isa = PBXFileReference; lastKnownFileType = folder.assetcatalog; path = Assets.xcassets; sourceTree = "<group>"; };
		2B2B645D1EFBBCD300779BAF /* Base */ = {isa = PBXFileReference; lastKnownFileType = file.storyboard; name = Base; path = Base.lproj/LaunchScreen.storyboard; sourceTree = "<group>"; };
		2B2B645F1EFBBCD300779BAF /* Info.plist */ = {isa = PBXFileReference; lastKnownFileType = text.plist.xml; path = Info.plist; sourceTree = "<group>"; };
		2B2B64601EFBBCD300779BAF /* main.m */ = {isa = PBXFileReference; lastKnownFileType = sourcecode.c.objc; path = main.m; sourceTree = "<group>"; };
		2B2B64661EFBBCD300779BAF /* ARDemoTests.xctest */ = {isa = PBXFileReference; explicitFileType = wrapper.cfbundle; includeInIndex = 0; path = ARDemoTests.xctest; sourceTree = BUILT_PRODUCTS_DIR; };
		2B2B646A1EFBBCD300779BAF /* ARDemoTests.m */ = {isa = PBXFileReference; lastKnownFileType = sourcecode.c.objc; path = ARDemoTests.m; sourceTree = "<group>"; };
		2B2B646C1EFBBCD300779BAF /* Info.plist */ = {isa = PBXFileReference; lastKnownFileType = text.plist.xml; path = Info.plist; sourceTree = "<group>"; };
		2B2B64711EFBBCD300779BAF /* ARDemoUITests.xctest */ = {isa = PBXFileReference; explicitFileType = wrapper.cfbundle; includeInIndex = 0; path = ARDemoUITests.xctest; sourceTree = BUILT_PRODUCTS_DIR; };
		2B2B64751EFBBCD300779BAF /* ARDemoUITests.m */ = {isa = PBXFileReference; lastKnownFileType = sourcecode.c.objc; path = ARDemoUITests.m; sourceTree = "<group>"; };
		2B2B64771EFBBCD300779BAF /* Info.plist */ = {isa = PBXFileReference; lastKnownFileType = text.plist.xml; path = Info.plist; sourceTree = "<group>"; };
/* End PBXFileReference section */

/* Begin PBXFrameworksBuildPhase section */
		2B2B64491EFBBCD300779BAF /* Frameworks */ = {
			isa = PBXFrameworksBuildPhase;
			buildActionMask = 2147483647;
			files = (
			);
			runOnlyForDeploymentPostprocessing = 0;
		};
		2B2B64631EFBBCD300779BAF /* Frameworks */ = {
			isa = PBXFrameworksBuildPhase;
			buildActionMask = 2147483647;
			files = (
			);
			runOnlyForDeploymentPostprocessing = 0;
		};
		2B2B646E1EFBBCD300779BAF /* Frameworks */ = {
			isa = PBXFrameworksBuildPhase;
			buildActionMask = 2147483647;
			files = (
			);
			runOnlyForDeploymentPostprocessing = 0;
		};
/* End PBXFrameworksBuildPhase section */

/* Begin PBXGroup section */
		2B2B64431EFBBCD300779BAF = {
			isa = PBXGroup;
			children = (
				2B2B644E1EFBBCD300779BAF /* ARDemo */,
				2B2B64691EFBBCD300779BAF /* ARDemoTests */,
				2B2B64741EFBBCD300779BAF /* ARDemoUITests */,
				2B2B644D1EFBBCD300779BAF /* Products */,
			);
			sourceTree = "<group>";
		};
		2B2B644D1EFBBCD300779BAF /* Products */ = {
			isa = PBXGroup;
			children = (
				2B2B644C1EFBBCD300779BAF /* ARDemo.app */,
				2B2B64661EFBBCD300779BAF /* ARDemoTests.xctest */,
				2B2B64711EFBBCD300779BAF /* ARDemoUITests.xctest */,
			);
			name = Products;
			sourceTree = "<group>";
		};
		2B2B644E1EFBBCD300779BAF /* ARDemo */ = {
			isa = PBXGroup;
			children = (
				2B2B644F1EFBBCD300779BAF /* AppDelegate.h */,
				2B2B64501EFBBCD300779BAF /* AppDelegate.m */,
				2B2B64521EFBBCD300779BAF /* art.scnassets */,
				2B2B64541EFBBCD300779BAF /* ViewController.h */,
				2B2B64551EFBBCD300779BAF /* ViewController.m */,
				2B2B645A1EFBBCD300779BAF /* Assets.xcassets */,
				2B2B645C1EFBBCD300779BAF /* LaunchScreen.storyboard */,
				2B2B645F1EFBBCD300779BAF /* Info.plist */,
				2B2B64601EFBBCD300779BAF /* main.m */,
			);
			path = ARDemo;
			sourceTree = "<group>";
		};
		2B2B64691EFBBCD300779BAF /* ARDemoTests */ = {
			isa = PBXGroup;
			children = (
				2B2B646A1EFBBCD300779BAF /* ARDemoTests.m */,
				2B2B646C1EFBBCD300779BAF /* Info.plist */,
			);
			path = ARDemoTests;
			sourceTree = "<group>";
		};
		2B2B64741EFBBCD300779BAF /* ARDemoUITests */ = {
			isa = PBXGroup;
			children = (
				2B2B64751EFBBCD300779BAF /* ARDemoUITests.m */,
				2B2B64771EFBBCD300779BAF /* Info.plist */,
			);
			path = ARDemoUITests;
			sourceTree = "<group>";
		};
/* End PBXGroup section */

/* Begin PBXNativeTarget section */
		2B2B644B1EFBBCD300779BAF /* ARDemo */ = {
			isa = PBXNativeTarget;
			buildConfigurationList = 2B2B647A1EFBBCD300779BAF /* Build configuration list for PBXNativeTarget "ARDemo" */;
			buildPhases = (
				2B2B64481EFBBCD300779BAF /* Sources */,
				2B2B64491EFBBCD300779BAF /* Frameworks */,
				2B2B644A1EFBBCD300779BAF /* Resources */,
			);
			buildRules = (
			);
			dependencies = (
			);
			name = ARDemo;
			productName = ARDemo;
			productReference = 2B2B644C1EFBBCD300779BAF /* ARDemo.app */;
			productType = "com.apple.product-type.application";
		};
		2B2B64651EFBBCD300779BAF /* ARDemoTests */ = {
			isa = PBXNativeTarget;
			buildConfigurationList = 2B2B647D1EFBBCD300779BAF /* Build configuration list for PBXNativeTarget "ARDemoTests" */;
			buildPhases = (
				2B2B64621EFBBCD300779BAF /* Sources */,
				2B2B64631EFBBCD300779BAF /* Frameworks */,
				2B2B64641EFBBCD300779BAF /* Resources */,
			);
			buildRules = (
			);
			dependencies = (
				2B2B64681EFBBCD300779BAF /* PBXTargetDependency */,
			);
			name = ARDemoTests;
			productName = ARDemoTests;
			productReference = 2B2B64661EFBBCD300779BAF /* ARDemoTests.xctest */;
			productType = "com.apple.product-type.bundle.unit-test";
		};
		2B2B64701EFBBCD300779BAF /* ARDemoUITests */ = {
			isa = PBXNativeTarget;
			buildConfigurationList = 2B2B64801EFBBCD300779BAF /* Build configuration list for PBXNativeTarget "ARDemoUITests" */;
			buildPhases = (
				2B2B646D1EFBBCD300779BAF /* Sources */,
				2B2B646E1EFBBCD300779BAF /* Frameworks */,
				2B2B646F1EFBBCD300779BAF /* Resources */,
			);
			buildRules = (
			);
			dependencies = (
				2B2B64731EFBBCD300779BAF /* PBXTargetDependency */,
			);
			name = ARDemoUITests;
			productName = ARDemoUITests;
			productReference = 2B2B64711EFBBCD300779BAF /* ARDemoUITests.xctest */;
			productType = "com.apple.product-type.bundle.ui-testing";
		};
/* End PBXNativeTarget section */

/* Begin PBXProject section */
		2B2B64441EFBBCD300779BAF /* Project object */ = {
			isa = PBXProject;
			attributes = {
				LastUpgradeCheck = 0900;
				ORGANIZATIONNAME = hetao;
				TargetAttributes = {
					2B2B644B1EFBBCD300779BAF = {
						CreatedOnToolsVersion = 9.0;
					};
					2B2B64651EFBBCD300779BAF = {
						CreatedOnToolsVersion = 9.0;
						TestTargetID = 2B2B644B1EFBBCD300779BAF;
					};
					2B2B64701EFBBCD300779BAF = {
						CreatedOnToolsVersion = 9.0;
						TestTargetID = 2B2B644B1EFBBCD300779BAF;
					};
				};
			};
			buildConfigurationList = 2B2B64471EFBBCD300779BAF /* Build configuration list for PBXProject "ARDemo" */;
			compatibilityVersion = "Xcode 8.0";
			developmentRegion = en;
			hasScannedForEncodings = 0;
			knownRegions = (
				en,
				Base,
			);
			mainGroup = 2B2B64431EFBBCD300779BAF;
			productRefGroup = 2B2B644D1EFBBCD300779BAF /* Products */;
			projectDirPath = "";
			projectRoot = "";
			targets = (
				2B2B644B1EFBBCD300779BAF /* ARDemo */,
				2B2B64651EFBBCD300779BAF /* ARDemoTests */,
				2B2B64701EFBBCD300779BAF /* ARDemoUITests */,
			);
		};
/* End PBXProject section */

/* Begin PBXResourcesBuildPhase section */
		2B2B644A1EFBBCD300779BAF /* Resources */ = {
			isa = PBXResourcesBuildPhase;
			buildActionMask = 2147483647;
			files = (
				2B2B64531EFBBCD300779BAF /* art.scnassets in Resources */,
				2B2B645E1EFBBCD300779BAF /* LaunchScreen.storyboard in Resources */,
				2B2B645B1EFBBCD300779BAF /* Assets.xcassets in Resources */,
			);
			runOnlyForDeploymentPostprocessing = 0;
		};
		2B2B64641EFBBCD300779BAF /* Resources */ = {
			isa = PBXResourcesBuildPhase;
			buildActionMask = 2147483647;
			files = (
			);
			runOnlyForDeploymentPostprocessing = 0;
		};
		2B2B646F1EFBBCD300779BAF /* Resources */ = {
			isa = PBXResourcesBuildPhase;
			buildActionMask = 2147483647;
			files = (
			);
			runOnlyForDeploymentPostprocessing = 0;
		};
/* End PBXResourcesBuildPhase section */

/* Begin PBXSourcesBuildPhase section */
		2B2B64481EFBBCD300779BAF /* Sources */ = {
			isa = PBXSourcesBuildPhase;
			buildActionMask = 2147483647;
			files = (
				2B2B64561EFBBCD300779BAF /* ViewController.m in Sources */,
				2B2B64611EFBBCD300779BAF /* main.m in Sources */,
				2B2B64511EFBBCD300779BAF /* AppDelegate.m in Sources */,
			);
			runOnlyForDeploymentPostprocessing = 0;
		};
		2B2B64621EFBBCD300779BAF /* Sources */ = {
			isa = PBXSourcesBuildPhase;
			buildActionMask = 2147483647;
			files = (
				2B2B646B1EFBBCD300779BAF /* ARDemoTests.m in Sources */,
			);
			runOnlyForDeploymentPostprocessing = 0;
		};
		2B2B646D1EFBBCD300779BAF /* Sources */ = {
			isa = PBXSourcesBuildPhase;
			buildActionMask = 2147483647;
			files = (
				2B2B64761EFBBCD300779BAF /* ARDemoUITests.m in Sources */,
			);
			runOnlyForDeploymentPostprocessing = 0;
		};
/* End PBXSourcesBuildPhase section */

/* Begin PBXTargetDependency section */
		2B2B64681EFBBCD300779BAF /* PBXTargetDependency */ = {
			isa = PBXTargetDependency;
			target = 2B2B644B1EFBBCD300779BAF /* ARDemo */;
			targetProxy = 2B2B64671EFBBCD300779BAF /* PBXContainerItemProxy */;
		};
		2B2B64731EFBBCD300779BAF /* PBXTargetDependency */ = {
			isa = PBXTargetDependency;
			target = 2B2B644B1EFBBCD300779BAF /* ARDemo */;
			targetProxy = 2B2B64721EFBBCD300779BAF /* PBXContainerItemProxy */;
		};
/* End PBXTargetDependency section */

/* Begin PBXVariantGroup section */
		2B2B645C1EFBBCD300779BAF /* LaunchScreen.storyboard */ = {
			isa = PBXVariantGroup;
			children = (
				2B2B645D1EFBBCD300779BAF /* Base */,
			);
			name = LaunchScreen.storyboard;
			sourceTree = "<group>";
		};
/* End PBXVariantGroup section */

/* Begin XCBuildConfiguration section */
		2B2B64781EFBBCD300779BAF /* Debug */ = {
			isa = XCBuildConfiguration;
			buildSettings = {
				ALWAYS_SEARCH_USER_PATHS = NO;
				CLANG_ANALYZER_NONNULL = YES;
				CLANG_ANALYZER_NUMBER_OBJECT_CONVERSION = YES_AGGRESSIVE;
				CLANG_CXX_LANGUAGE_STANDARD = "gnu++14";
				CLANG_CXX_LIBRARY = "libc++";
				CLANG_ENABLE_MODULES = YES;
				CLANG_ENABLE_OBJC_ARC = YES;
				CLANG_WARN_BLOCK_CAPTURE_AUTORELEASING = YES;
				CLANG_WARN_BOOL_CONVERSION = YES;
				CLANG_WARN_COMMA = YES;
				CLANG_WARN_CONSTANT_CONVERSION = YES;
				CLANG_WARN_DIRECT_OBJC_ISA_USAGE = YES_ERROR;
				CLANG_WARN_DOCUMENTATION_COMMENTS = YES;
				CLANG_WARN_EMPTY_BODY = YES;
				CLANG_WARN_ENUM_CONVERSION = YES;
				CLANG_WARN_INFINITE_RECURSION = YES;
				CLANG_WARN_INT_CONVERSION = YES;
				CLANG_WARN_OBJC_ROOT_CLASS = YES_ERROR;
				CLANG_WARN_RANGE_LOOP_ANALYSIS = YES;
				CLANG_WARN_STRICT_PROTOTYPES = YES;
				CLANG_WARN_SUSPICIOUS_MOVE = YES;
				CLANG_WARN_UNGUARDED_AVAILABILITY = YES_AGGRESSIVE;
				CLANG_WARN_UNREACHABLE_CODE = YES;
				CLANG_WARN__DUPLICATE_METHOD_MATCH = YES;
				CODE_SIGN_IDENTITY = "iPhone Developer";
				COPY_PHASE_STRIP = NO;
				DEBUG_INFORMATION_FORMAT = dwarf;
				ENABLE_STRICT_OBJC_MSGSEND = YES;
				ENABLE_TESTABILITY = YES;
				GCC_C_LANGUAGE_STANDARD = gnu11;
				GCC_DYNAMIC_NO_PIC = NO;
				GCC_NO_COMMON_BLOCKS = YES;
				GCC_OPTIMIZATION_LEVEL = 0;
				GCC_PREPROCESSOR_DEFINITIONS = (
					"DEBUG=1",
					"$(inherited)",
				);
				GCC_WARN_64_TO_32_BIT_CONVERSION = YES;
				GCC_WARN_ABOUT_RETURN_TYPE = YES_ERROR;
				GCC_WARN_UNDECLARED_SELECTOR = YES;
				GCC_WARN_UNINITIALIZED_AUTOS = YES_AGGRESSIVE;
				GCC_WARN_UNUSED_FUNCTION = YES;
				GCC_WARN_UNUSED_VARIABLE = YES;
				IPHONEOS_DEPLOYMENT_TARGET = 11.0;
				MTL_ENABLE_DEBUG_INFO = YES;
				ONLY_ACTIVE_ARCH = YES;
				SDKROOT = iphoneos;
			};
			name = Debug;
		};
		2B2B64791EFBBCD300779BAF /* Release */ = {
			isa = XCBuildConfiguration;
			buildSettings = {
				ALWAYS_SEARCH_USER_PATHS = NO;
				CLANG_ANALYZER_NONNULL = YES;
				CLANG_ANALYZER_NUMBER_OBJECT_CONVERSION = YES_AGGRESSIVE;
				CLANG_CXX_LANGUAGE_STANDARD = "gnu++14";
				CLANG_CXX_LIBRARY = "libc++";
				CLANG_ENABLE_MODULES = YES;
				CLANG_ENABLE_OBJC_ARC = YES;
				CLANG_WARN_BLOCK_CAPTURE_AUTORELEASING = YES;
				CLANG_WARN_BOOL_CONVERSION = YES;
				CLANG_WARN_COMMA = YES;
				CLANG_WARN_CONSTANT_CONVERSION = YES;
				CLANG_WARN_DIRECT_OBJC_ISA_USAGE = YES_ERROR;
				CLANG_WARN_DOCUMENTATION_COMMENTS = YES;
				CLANG_WARN_EMPTY_BODY = YES;
				CLANG_WARN_ENUM_CONVERSION = YES;
				CLANG_WARN_INFINITE_RECURSION = YES;
				CLANG_WARN_INT_CONVERSION = YES;
				CLANG_WARN_OBJC_ROOT_CLASS = YES_ERROR;
				CLANG_WARN_RANGE_LOOP_ANALYSIS = YES;
				CLANG_WARN_STRICT_PROTOTYPES = YES;
				CLANG_WARN_SUSPICIOUS_MOVE = YES;
				CLANG_WARN_UNGUARDED_AVAILABILITY = YES_AGGRESSIVE;
				CLANG_WARN_UNREACHABLE_CODE = YES;
				CLANG_WARN__DUPLICATE_METHOD_MATCH = YES;
				CODE_SIGN_IDENTITY = "iPhone Developer";
				COPY_PHASE_STRIP = NO;
				DEBUG_INFORMATION_FORMAT = "dwarf-with-dsym";
				ENABLE_NS_ASSERTIONS = NO;
				ENABLE_STRICT_OBJC_MSGSEND = YES;
				GCC_C_LANGUAGE_STANDARD = gnu11;
				GCC_NO_COMMON_BLOCKS = YES;
				GCC_WARN_64_TO_32_BIT_CONVERSION = YES;
				GCC_WARN_ABOUT_RETURN_TYPE = YES_ERROR;
				GCC_WARN_UNDECLARED_SELECTOR = YES;
				GCC_WARN_UNINITIALIZED_AUTOS = YES_AGGRESSIVE;
				GCC_WARN_UNUSED_FUNCTION = YES;
				GCC_WARN_UNUSED_VARIABLE = YES;
				IPHONEOS_DEPLOYMENT_TARGET = 11.0;
				MTL_ENABLE_DEBUG_INFO = NO;
				SDKROOT = iphoneos;
				VALIDATE_PRODUCT = YES;
			};
			name = Release;
		};
		2B2B647B1EFBBCD300779BAF /* Debug */ = {
			isa = XCBuildConfiguration;
			buildSettings = {
				ASSETCATALOG_COMPILER_APPICON_NAME = AppIcon;
				DEVELOPMENT_TEAM = G9833GDE26;
				INFOPLIST_FILE = ARDemo/Info.plist;
				IPHONEOS_DEPLOYMENT_TARGET = 8.0;
				LD_RUNPATH_SEARCH_PATHS = "$(inherited) @executable_path/Frameworks";
				PRODUCT_BUNDLE_IDENTIFIER = com.myCom.ARDemo;
				PRODUCT_NAME = "$(TARGET_NAME)";
				TARGETED_DEVICE_FAMILY = "1,2";
			};
			name = Debug;
		};
		2B2B647C1EFBBCD300779BAF /* Release */ = {
			isa = XCBuildConfiguration;
			buildSettings = {
				ASSETCATALOG_COMPILER_APPICON_NAME = AppIcon;
				DEVELOPMENT_TEAM = G9833GDE26;
				INFOPLIST_FILE = ARDemo/Info.plist;
				IPHONEOS_DEPLOYMENT_TARGET = 8.0;
				LD_RUNPATH_SEARCH_PATHS = "$(inherited) @executable_path/Frameworks";
				PRODUCT_BUNDLE_IDENTIFIER = com.myCom.ARDemo;
				PRODUCT_NAME = "$(TARGET_NAME)";
				TARGETED_DEVICE_FAMILY = "1,2";
			};
			name = Release;
		};
		2B2B647E1EFBBCD300779BAF /* Debug */ = {
			isa = XCBuildConfiguration;
			buildSettings = {
				BUNDLE_LOADER = "$(TEST_HOST)";
				INFOPLIST_FILE = ARDemoTests/Info.plist;
				LD_RUNPATH_SEARCH_PATHS = "$(inherited) @executable_path/Frameworks @loader_path/Frameworks";
				PRODUCT_BUNDLE_IDENTIFIER = com.myCom.ARDemoTests;
				PRODUCT_NAME = "$(TARGET_NAME)";
				TARGETED_DEVICE_FAMILY = "1,2";
				TEST_HOST = "$(BUILT_PRODUCTS_DIR)/ARDemo.app/ARDemo";
			};
			name = Debug;
		};
		2B2B647F1EFBBCD300779BAF /* Release */ = {
			isa = XCBuildConfiguration;
			buildSettings = {
				BUNDLE_LOADER = "$(TEST_HOST)";
				INFOPLIST_FILE = ARDemoTests/Info.plist;
				LD_RUNPATH_SEARCH_PATHS = "$(inherited) @executable_path/Frameworks @loader_path/Frameworks";
				PRODUCT_BUNDLE_IDENTIFIER = com.myCom.ARDemoTests;
				PRODUCT_NAME = "$(TARGET_NAME)";
				TARGETED_DEVICE_FAMILY = "1,2";
				TEST_HOST = "$(BUILT_PRODUCTS_DIR)/ARDemo.app/ARDemo";
			};
			name = Release;
		};
		2B2B64811EFBBCD300779BAF /* Debug */ = {
			isa = XCBuildConfiguration;
			buildSettings = {
				INFOPLIST_FILE = ARDemoUITests/Info.plist;
				LD_RUNPATH_SEARCH_PATHS = "$(inherited) @executable_path/Frameworks @loader_path/Frameworks";
				PRODUCT_BUNDLE_IDENTIFIER = com.myCom.ARDemoUITests;
				PRODUCT_NAME = "$(TARGET_NAME)";
				TARGETED_DEVICE_FAMILY = "1,2";
				TEST_TARGET_NAME = ARDemo;
			};
			name = Debug;
		};
		2B2B64821EFBBCD300779BAF /* Release */ = {
			isa = XCBuildConfiguration;
			buildSettings = {
				INFOPLIST_FILE = ARDemoUITests/Info.plist;
				LD_RUNPATH_SEARCH_PATHS = "$(inherited) @executable_path/Frameworks @loader_path/Frameworks";
				PRODUCT_BUNDLE_IDENTIFIER = com.myCom.ARDemoUITests;
				PRODUCT_NAME = "$(TARGET_NAME)";
				TARGETED_DEVICE_FAMILY = "1,2";
				TEST_TARGET_NAME = ARDemo;
			};
			name = Release;
		};
/* End XCBuildConfiguration section */

/* Begin XCConfigurationList section */
		2B2B64471EFBBCD300779BAF /* Build configuration list for PBXProject "ARDemo" */ = {
			isa = XCConfigurationList;
			buildConfigurations = (
				2B2B64781EFBBCD300779BAF /* Debug */,
				2B2B64791EFBBCD300779BAF /* Release */,
			);
			defaultConfigurationIsVisible = 0;
			defaultConfigurationName = Release;
		};
		2B2B647A1EFBBCD300779BAF /* Build configuration list for PBXNativeTarget "ARDemo" */ = {
			isa = XCConfigurationList;
			buildConfigurations = (
				2B2B647B1EFBBCD300779BAF /* Debug */,
				2B2B647C1EFBBCD300779BAF /* Release */,
			);
			defaultConfigurationIsVisible = 0;
			defaultConfigurationName = Release;
		};
		2B2B647D1EFBBCD300779BAF /* Build configuration list for PBXNativeTarget "ARDemoTests" */ = {
			isa = XCConfigurationList;
			buildConfigurations = (
				2B2B647E1EFBBCD300779BAF /* Debug */,
				2B2B647F1EFBBCD300779BAF /* Release */,
			);
			defaultConfigurationIsVisible = 0;
			defaultConfigurationName = Release;
		};
		2B2B64801EFBBCD300779BAF /* Build configuration list for PBXNativeTarget "ARDemoUITests" */ = {
			isa = XCConfigurationList;
			buildConfigurations = (
				2B2B64811EFBBCD300779BAF /* Debug */,
				2B2B64821EFBBCD300779BAF /* Release */,
			);
			defaultConfigurationIsVisible = 0;
			defaultConfigurationName = Release;
		};
/* End XCConfigurationList section */
	};
	rootObject = 2B2B64441EFBBCD300779BAF /* Project object */;
}
