// !$*UTF8*$!
{
	archiveVersion = 1;
	classes = {
	};
	objectVersion = 50;
	objects = {

/* Begin PBXBuildFile section */
		2B43016520E4E3B100C612A3 /* AppDelegate.m in Sources */ = {isa = PBXBuildFile; fileRef = 2B43016420E4E3B100C612A3 /* AppDelegate.m */; };
		2B43016820E4E3B100C612A3 /* ViewController.m in Sources */ = {isa = PBXBuildFile; fileRef = 2B43016720E4E3B100C612A3 /* ViewController.m */; };
		2B43016B20E4E3B100C612A3 /* Main.storyboard in Resources */ = {isa = PBXBuildFile; fileRef = 2B43016920E4E3B100C612A3 /* Main.storyboard */; };
		2B43016D20E4E3B300C612A3 /* Assets.xcassets in Resources */ = {isa = PBXBuildFile; fileRef = 2B43016C20E4E3B300C612A3 /* Assets.xcassets */; };
		2B43017020E4E3B300C612A3 /* LaunchScreen.storyboard in Resources */ = {isa = PBXBuildFile; fileRef = 2B43016E20E4E3B300C612A3 /* LaunchScreen.storyboard */; };
		2B43017320E4E3B300C612A3 /* main.m in Sources */ = {isa = PBXBuildFile; fileRef = 2B43017220E4E3B300C612A3 /* main.m */; };
		2B43017D20E4E3B300C612A3 /* ImageToVideoTests.m in Sources */ = {isa = PBXBuildFile; fileRef = 2B43017C20E4E3B300C612A3 /* ImageToVideoTests.m */; };
		2B43018820E4E3B300C612A3 /* ImageToVideoUITests.m in Sources */ = {isa = PBXBuildFile; fileRef = 2B43018720E4E3B300C612A3 /* ImageToVideoUITests.m */; };
/* End PBXBuildFile section */

/* Begin PBXContainerItemProxy section */
		2B43017920E4E3B300C612A3 /* PBXContainerItemProxy */ = {
			isa = PBXContainerItemProxy;
			containerPortal = 2B43015820E4E3B000C612A3 /* Project object */;
			proxyType = 1;
			remoteGlobalIDString = 2B43015F20E4E3B000C612A3;
			remoteInfo = ImageToVideo;
		};
		2B43018420E4E3B300C612A3 /* PBXContainerItemProxy */ = {
			isa = PBXContainerItemProxy;
			containerPortal = 2B43015820E4E3B000C612A3 /* Project object */;
			proxyType = 1;
			remoteGlobalIDString = 2B43015F20E4E3B000C612A3;
			remoteInfo = ImageToVideo;
		};
/* End PBXContainerItemProxy section */

/* Begin PBXFileReference section */
		2B43016020E4E3B000C612A3 /* ImageToVideo.app */ = {isa = PBXFileReference; explicitFileType = wrapper.application; includeInIndex = 0; path = ImageToVideo.app; sourceTree = BUILT_PRODUCTS_DIR; };
		2B43016320E4E3B100C612A3 /* AppDelegate.h */ = {isa = PBXFileReference; lastKnownFileType = sourcecode.c.h; path = AppDelegate.h; sourceTree = "<group>"; };
		2B43016420E4E3B100C612A3 /* AppDelegate.m */ = {isa = PBXFileReference; lastKnownFileType = sourcecode.c.objc; path = AppDelegate.m; sourceTree = "<group>"; };
		2B43016620E4E3B100C612A3 /* ViewController.h */ = {isa = PBXFileReference; lastKnownFileType = sourcecode.c.h; path = ViewController.h; sourceTree = "<group>"; };
		2B43016720E4E3B100C612A3 /* ViewController.m */ = {isa = PBXFileReference; lastKnownFileType = sourcecode.c.objc; path = ViewController.m; sourceTree = "<group>"; };
		2B43016A20E4E3B100C612A3 /* Base */ = {isa = PBXFileReference; lastKnownFileType = file.storyboard; name = Base; path = Base.lproj/Main.storyboard; sourceTree = "<group>"; };
		2B43016C20E4E3B300C612A3 /* Assets.xcassets */ = {isa = PBXFileReference; lastKnownFileType = folder.assetcatalog; path = Assets.xcassets; sourceTree = "<group>"; };
		2B43016F20E4E3B300C612A3 /* Base */ = {isa = PBXFileReference; lastKnownFileType = file.storyboard; name = Base; path = Base.lproj/LaunchScreen.storyboard; sourceTree = "<group>"; };
		2B43017120E4E3B300C612A3 /* Info.plist */ = {isa = PBXFileReference; lastKnownFileType = text.plist.xml; path = Info.plist; sourceTree = "<group>"; };
		2B43017220E4E3B300C612A3 /* main.m */ = {isa = PBXFileReference; lastKnownFileType = sourcecode.c.objc; path = main.m; sourceTree = "<group>"; };
		2B43017820E4E3B300C612A3 /* ImageToVideoTests.xctest */ = {isa = PBXFileReference; explicitFileType = wrapper.cfbundle; includeInIndex = 0; path = ImageToVideoTests.xctest; sourceTree = BUILT_PRODUCTS_DIR; };
		2B43017C20E4E3B300C612A3 /* ImageToVideoTests.m */ = {isa = PBXFileReference; lastKnownFileType = sourcecode.c.objc; path = ImageToVideoTests.m; sourceTree = "<group>"; };
		2B43017E20E4E3B300C612A3 /* Info.plist */ = {isa = PBXFileReference; lastKnownFileType = text.plist.xml; path = Info.plist; sourceTree = "<group>"; };
		2B43018320E4E3B300C612A3 /* ImageToVideoUITests.xctest */ = {isa = PBXFileReference; explicitFileType = wrapper.cfbundle; includeInIndex = 0; path = ImageToVideoUITests.xctest; sourceTree = BUILT_PRODUCTS_DIR; };
		2B43018720E4E3B300C612A3 /* ImageToVideoUITests.m */ = {isa = PBXFileReference; lastKnownFileType = sourcecode.c.objc; path = ImageToVideoUITests.m; sourceTree = "<group>"; };
		2B43018920E4E3B300C612A3 /* Info.plist */ = {isa = PBXFileReference; lastKnownFileType = text.plist.xml; path = Info.plist; sourceTree = "<group>"; };
/* End PBXFileReference section */

/* Begin PBXFrameworksBuildPhase section */
		2B43015D20E4E3B000C612A3 /* Frameworks */ = {
			isa = PBXFrameworksBuildPhase;
			buildActionMask = 2147483647;
			files = (
			);
			runOnlyForDeploymentPostprocessing = 0;
		};
		2B43017520E4E3B300C612A3 /* Frameworks */ = {
			isa = PBXFrameworksBuildPhase;
			buildActionMask = 2147483647;
			files = (
			);
			runOnlyForDeploymentPostprocessing = 0;
		};
		2B43018020E4E3B300C612A3 /* Frameworks */ = {
			isa = PBXFrameworksBuildPhase;
			buildActionMask = 2147483647;
			files = (
			);
			runOnlyForDeploymentPostprocessing = 0;
		};
/* End PBXFrameworksBuildPhase section */

/* Begin PBXGroup section */
		2B43015720E4E3B000C612A3 = {
			isa = PBXGroup;
			children = (
				2B43016220E4E3B000C612A3 /* ImageToVideo */,
				2B43017B20E4E3B300C612A3 /* ImageToVideoTests */,
				2B43018620E4E3B300C612A3 /* ImageToVideoUITests */,
				2B43016120E4E3B000C612A3 /* Products */,
			);
			sourceTree = "<group>";
		};
		2B43016120E4E3B000C612A3 /* Products */ = {
			isa = PBXGroup;
			children = (
				2B43016020E4E3B000C612A3 /* ImageToVideo.app */,
				2B43017820E4E3B300C612A3 /* ImageToVideoTests.xctest */,
				2B43018320E4E3B300C612A3 /* ImageToVideoUITests.xctest */,
			);
			name = Products;
			sourceTree = "<group>";
		};
		2B43016220E4E3B000C612A3 /* ImageToVideo */ = {
			isa = PBXGroup;
			children = (
				2B43016320E4E3B100C612A3 /* AppDelegate.h */,
				2B43016420E4E3B100C612A3 /* AppDelegate.m */,
				2B43016620E4E3B100C612A3 /* ViewController.h */,
				2B43016720E4E3B100C612A3 /* ViewController.m */,
				2B43016920E4E3B100C612A3 /* Main.storyboard */,
				2B43016C20E4E3B300C612A3 /* Assets.xcassets */,
				2B43016E20E4E3B300C612A3 /* LaunchScreen.storyboard */,
				2B43017120E4E3B300C612A3 /* Info.plist */,
				2B43017220E4E3B300C612A3 /* main.m */,
			);
			path = ImageToVideo;
			sourceTree = "<group>";
		};
		2B43017B20E4E3B300C612A3 /* ImageToVideoTests */ = {
			isa = PBXGroup;
			children = (
				2B43017C20E4E3B300C612A3 /* ImageToVideoTests.m */,
				2B43017E20E4E3B300C612A3 /* Info.plist */,
			);
			path = ImageToVideoTests;
			sourceTree = "<group>";
		};
		2B43018620E4E3B300C612A3 /* ImageToVideoUITests */ = {
			isa = PBXGroup;
			children = (
				2B43018720E4E3B300C612A3 /* ImageToVideoUITests.m */,
				2B43018920E4E3B300C612A3 /* Info.plist */,
			);
			path = ImageToVideoUITests;
			sourceTree = "<group>";
		};
/* End PBXGroup section */

/* Begin PBXNativeTarget section */
		2B43015F20E4E3B000C612A3 /* ImageToVideo */ = {
			isa = PBXNativeTarget;
			buildConfigurationList = 2B43018C20E4E3B300C612A3 /* Build configuration list for PBXNativeTarget "ImageToVideo" */;
			buildPhases = (
				2B43015C20E4E3B000C612A3 /* Sources */,
				2B43015D20E4E3B000C612A3 /* Frameworks */,
				2B43015E20E4E3B000C612A3 /* Resources */,
			);
			buildRules = (
			);
			dependencies = (
			);
			name = ImageToVideo;
			productName = ImageToVideo;
			productReference = 2B43016020E4E3B000C612A3 /* ImageToVideo.app */;
			productType = "com.apple.product-type.application";
		};
		2B43017720E4E3B300C612A3 /* ImageToVideoTests */ = {
			isa = PBXNativeTarget;
			buildConfigurationList = 2B43018F20E4E3B300C612A3 /* Build configuration list for PBXNativeTarget "ImageToVideoTests" */;
			buildPhases = (
				2B43017420E4E3B300C612A3 /* Sources */,
				2B43017520E4E3B300C612A3 /* Frameworks */,
				2B43017620E4E3B300C612A3 /* Resources */,
			);
			buildRules = (
			);
			dependencies = (
				2B43017A20E4E3B300C612A3 /* PBXTargetDependency */,
			);
			name = ImageToVideoTests;
			productName = ImageToVideoTests;
			productReference = 2B43017820E4E3B300C612A3 /* ImageToVideoTests.xctest */;
			productType = "com.apple.product-type.bundle.unit-test";
		};
		2B43018220E4E3B300C612A3 /* ImageToVideoUITests */ = {
			isa = PBXNativeTarget;
			buildConfigurationList = 2B43019220E4E3B300C612A3 /* Build configuration list for PBXNativeTarget "ImageToVideoUITests" */;
			buildPhases = (
				2B43017F20E4E3B300C612A3 /* Sources */,
				2B43018020E4E3B300C612A3 /* Frameworks */,
				2B43018120E4E3B300C612A3 /* Resources */,
			);
			buildRules = (
			);
			dependencies = (
				2B43018520E4E3B300C612A3 /* PBXTargetDependency */,
			);
			name = ImageToVideoUITests;
			productName = ImageToVideoUITests;
			productReference = 2B43018320E4E3B300C612A3 /* ImageToVideoUITests.xctest */;
			productType = "com.apple.product-type.bundle.ui-testing";
		};
/* End PBXNativeTarget section */

/* Begin PBXProject section */
		2B43015820E4E3B000C612A3 /* Project object */ = {
			isa = PBXProject;
			attributes = {
				LastUpgradeCheck = 0930;
				ORGANIZATIONNAME = hetao;
				TargetAttributes = {
					2B43015F20E4E3B000C612A3 = {
						CreatedOnToolsVersion = 9.3;
					};
					2B43017720E4E3B300C612A3 = {
						CreatedOnToolsVersion = 9.3;
						TestTargetID = 2B43015F20E4E3B000C612A3;
					};
					2B43018220E4E3B300C612A3 = {
						CreatedOnToolsVersion = 9.3;
						TestTargetID = 2B43015F20E4E3B000C612A3;
					};
				};
			};
			buildConfigurationList = 2B43015B20E4E3B000C612A3 /* Build configuration list for PBXProject "ImageToVideo" */;
			compatibilityVersion = "Xcode 9.3";
			developmentRegion = en;
			hasScannedForEncodings = 0;
			knownRegions = (
				en,
				Base,
			);
			mainGroup = 2B43015720E4E3B000C612A3;
			productRefGroup = 2B43016120E4E3B000C612A3 /* Products */;
			projectDirPath = "";
			projectRoot = "";
			targets = (
				2B43015F20E4E3B000C612A3 /* ImageToVideo */,
				2B43017720E4E3B300C612A3 /* ImageToVideoTests */,
				2B43018220E4E3B300C612A3 /* ImageToVideoUITests */,
			);
		};
/* End PBXProject section */

/* Begin PBXResourcesBuildPhase section */
		2B43015E20E4E3B000C612A3 /* Resources */ = {
			isa = PBXResourcesBuildPhase;
			buildActionMask = 2147483647;
			files = (
				2B43017020E4E3B300C612A3 /* LaunchScreen.storyboard in Resources */,
				2B43016D20E4E3B300C612A3 /* Assets.xcassets in Resources */,
				2B43016B20E4E3B100C612A3 /* Main.storyboard in Resources */,
			);
			runOnlyForDeploymentPostprocessing = 0;
		};
		2B43017620E4E3B300C612A3 /* Resources */ = {
			isa = PBXResourcesBuildPhase;
			buildActionMask = 2147483647;
			files = (
			);
			runOnlyForDeploymentPostprocessing = 0;
		};
		2B43018120E4E3B300C612A3 /* Resources */ = {
			isa = PBXResourcesBuildPhase;
			buildActionMask = 2147483647;
			files = (
			);
			runOnlyForDeploymentPostprocessing = 0;
		};
/* End PBXResourcesBuildPhase section */

/* Begin PBXSourcesBuildPhase section */
		2B43015C20E4E3B000C612A3 /* Sources */ = {
			isa = PBXSourcesBuildPhase;
			buildActionMask = 2147483647;
			files = (
				2B43016820E4E3B100C612A3 /* ViewController.m in Sources */,
				2B43017320E4E3B300C612A3 /* main.m in Sources */,
				2B43016520E4E3B100C612A3 /* AppDelegate.m in Sources */,
			);
			runOnlyForDeploymentPostprocessing = 0;
		};
		2B43017420E4E3B300C612A3 /* Sources */ = {
			isa = PBXSourcesBuildPhase;
			buildActionMask = 2147483647;
			files = (
				2B43017D20E4E3B300C612A3 /* ImageToVideoTests.m in Sources */,
			);
			runOnlyForDeploymentPostprocessing = 0;
		};
		2B43017F20E4E3B300C612A3 /* Sources */ = {
			isa = PBXSourcesBuildPhase;
			buildActionMask = 2147483647;
			files = (
				2B43018820E4E3B300C612A3 /* ImageToVideoUITests.m in Sources */,
			);
			runOnlyForDeploymentPostprocessing = 0;
		};
/* End PBXSourcesBuildPhase section */

/* Begin PBXTargetDependency section */
		2B43017A20E4E3B300C612A3 /* PBXTargetDependency */ = {
			isa = PBXTargetDependency;
			target = 2B43015F20E4E3B000C612A3 /* ImageToVideo */;
			targetProxy = 2B43017920E4E3B300C612A3 /* PBXContainerItemProxy */;
		};
		2B43018520E4E3B300C612A3 /* PBXTargetDependency */ = {
			isa = PBXTargetDependency;
			target = 2B43015F20E4E3B000C612A3 /* ImageToVideo */;
			targetProxy = 2B43018420E4E3B300C612A3 /* PBXContainerItemProxy */;
		};
/* End PBXTargetDependency section */

/* Begin PBXVariantGroup section */
		2B43016920E4E3B100C612A3 /* Main.storyboard */ = {
			isa = PBXVariantGroup;
			children = (
				2B43016A20E4E3B100C612A3 /* Base */,
			);
			name = Main.storyboard;
			sourceTree = "<group>";
		};
		2B43016E20E4E3B300C612A3 /* LaunchScreen.storyboard */ = {
			isa = PBXVariantGroup;
			children = (
				2B43016F20E4E3B300C612A3 /* Base */,
			);
			name = LaunchScreen.storyboard;
			sourceTree = "<group>";
		};
/* End PBXVariantGroup section */

/* Begin XCBuildConfiguration section */
		2B43018A20E4E3B300C612A3 /* Debug */ = {
			isa = XCBuildConfiguration;
			buildSettings = {
				ALWAYS_SEARCH_USER_PATHS = NO;
				CLANG_ANALYZER_NONNULL = YES;
				CLANG_ANALYZER_NUMBER_OBJECT_CONVERSION = YES_AGGRESSIVE;
				CLANG_CXX_LANGUAGE_STANDARD = "gnu++14";
				CLANG_CXX_LIBRARY = "libc++";
				CLANG_ENABLE_MODULES = YES;
				CLANG_ENABLE_OBJC_ARC = YES;
				CLANG_ENABLE_OBJC_WEAK = YES;
				CLANG_WARN_BLOCK_CAPTURE_AUTORELEASING = YES;
				CLANG_WARN_BOOL_CONVERSION = YES;
				CLANG_WARN_COMMA = YES;
				CLANG_WARN_CONSTANT_CONVERSION = YES;
				CLANG_WARN_DEPRECATED_OBJC_IMPLEMENTATIONS = YES;
				CLANG_WARN_DIRECT_OBJC_ISA_USAGE = YES_ERROR;
				CLANG_WARN_DOCUMENTATION_COMMENTS = YES;
				CLANG_WARN_EMPTY_BODY = YES;
				CLANG_WARN_ENUM_CONVERSION = YES;
				CLANG_WARN_INFINITE_RECURSION = YES;
				CLANG_WARN_INT_CONVERSION = YES;
				CLANG_WARN_NON_LITERAL_NULL_CONVERSION = YES;
				CLANG_WARN_OBJC_IMPLICIT_RETAIN_SELF = YES;
				CLANG_WARN_OBJC_LITERAL_CONVERSION = YES;
				CLANG_WARN_OBJC_ROOT_CLASS = YES_ERROR;
				CLANG_WARN_RANGE_LOOP_ANALYSIS = YES;
				CLANG_WARN_STRICT_PROTOTYPES = YES;
				CLANG_WARN_SUSPICIOUS_MOVE = YES;
				CLANG_WARN_UNGUARDED_AVAILABILITY = YES_AGGRESSIVE;
				CLANG_WARN_UNREACHABLE_CODE = YES;
				CLANG_WARN__DUPLICATE_METHOD_MATCH = YES;
				CODE_SIGN_IDENTITY = "iPhone Developer";
				COPY_PHASE_STRIP = NO;
				DEBUG_INFORMATION_FORMAT = dwarf;
				ENABLE_STRICT_OBJC_MSGSEND = YES;
				ENABLE_TESTABILITY = YES;
				GCC_C_LANGUAGE_STANDARD = gnu11;
				GCC_DYNAMIC_NO_PIC = NO;
				GCC_NO_COMMON_BLOCKS = YES;
				GCC_OPTIMIZATION_LEVEL = 0;
				GCC_PREPROCESSOR_DEFINITIONS = (
					"DEBUG=1",
					"$(inherited)",
				);
				GCC_WARN_64_TO_32_BIT_CONVERSION = YES;
				GCC_WARN_ABOUT_RETURN_TYPE = YES_ERROR;
				GCC_WARN_UNDECLARED_SELECTOR = YES;
				GCC_WARN_UNINITIALIZED_AUTOS = YES_AGGRESSIVE;
				GCC_WARN_UNUSED_FUNCTION = YES;
				GCC_WARN_UNUSED_VARIABLE = YES;
				IPHONEOS_DEPLOYMENT_TARGET = 11.3;
				MTL_ENABLE_DEBUG_INFO = YES;
				ONLY_ACTIVE_ARCH = YES;
				SDKROOT = iphoneos;
			};
			name = Debug;
		};
		2B43018B20E4E3B300C612A3 /* Release */ = {
			isa = XCBuildConfiguration;
			buildSettings = {
				ALWAYS_SEARCH_USER_PATHS = NO;
				CLANG_ANALYZER_NONNULL = YES;
				CLANG_ANALYZER_NUMBER_OBJECT_CONVERSION = YES_AGGRESSIVE;
				CLANG_CXX_LANGUAGE_STANDARD = "gnu++14";
				CLANG_CXX_LIBRARY = "libc++";
				CLANG_ENABLE_MODULES = YES;
				CLANG_ENABLE_OBJC_ARC = YES;
				CLANG_ENABLE_OBJC_WEAK = YES;
				CLANG_WARN_BLOCK_CAPTURE_AUTORELEASING = YES;
				CLANG_WARN_BOOL_CONVERSION = YES;
				CLANG_WARN_COMMA = YES;
				CLANG_WARN_CONSTANT_CONVERSION = YES;
				CLANG_WARN_DEPRECATED_OBJC_IMPLEMENTATIONS = YES;
				CLANG_WARN_DIRECT_OBJC_ISA_USAGE = YES_ERROR;
				CLANG_WARN_DOCUMENTATION_COMMENTS = YES;
				CLANG_WARN_EMPTY_BODY = YES;
				CLANG_WARN_ENUM_CONVERSION = YES;
				CLANG_WARN_INFINITE_RECURSION = YES;
				CLANG_WARN_INT_CONVERSION = YES;
				CLANG_WARN_NON_LITERAL_NULL_CONVERSION = YES;
				CLANG_WARN_OBJC_IMPLICIT_RETAIN_SELF = YES;
				CLANG_WARN_OBJC_LITERAL_CONVERSION = YES;
				CLANG_WARN_OBJC_ROOT_CLASS = YES_ERROR;
				CLANG_WARN_RANGE_LOOP_ANALYSIS = YES;
				CLANG_WARN_STRICT_PROTOTYPES = YES;
				CLANG_WARN_SUSPICIOUS_MOVE = YES;
				CLANG_WARN_UNGUARDED_AVAILABILITY = YES_AGGRESSIVE;
				CLANG_WARN_UNREACHABLE_CODE = YES;
				CLANG_WARN__DUPLICATE_METHOD_MATCH = YES;
				CODE_SIGN_IDENTITY = "iPhone Developer";
				COPY_PHASE_STRIP = NO;
				DEBUG_INFORMATION_FORMAT = "dwarf-with-dsym";
				ENABLE_NS_ASSERTIONS = NO;
				ENABLE_STRICT_OBJC_MSGSEND = YES;
				GCC_C_LANGUAGE_STANDARD = gnu11;
				GCC_NO_COMMON_BLOCKS = YES;
				GCC_WARN_64_TO_32_BIT_CONVERSION = YES;
				GCC_WARN_ABOUT_RETURN_TYPE = YES_ERROR;
				GCC_WARN_UNDECLARED_SELECTOR = YES;
				GCC_WARN_UNINITIALIZED_AUTOS = YES_AGGRESSIVE;
				GCC_WARN_UNUSED_FUNCTION = YES;
				GCC_WARN_UNUSED_VARIABLE = YES;
				IPHONEOS_DEPLOYMENT_TARGET = 11.3;
				MTL_ENABLE_DEBUG_INFO = NO;
				SDKROOT = iphoneos;
				VALIDATE_PRODUCT = YES;
			};
			name = Release;
		};
		2B43018D20E4E3B300C612A3 /* Debug */ = {
			isa = XCBuildConfiguration;
			buildSettings = {
				ASSETCATALOG_COMPILER_APPICON_NAME = AppIcon;
				CODE_SIGN_STYLE = Automatic;
				DEVELOPMENT_TEAM = JZ3MZWR6S5;
				INFOPLIST_FILE = ImageToVideo/Info.plist;
				LD_RUNPATH_SEARCH_PATHS = (
					"$(inherited)",
					"@executable_path/Frameworks",
				);
				PRODUCT_BUNDLE_IDENTIFIER = com.myCom.ImageToVideo;
				PRODUCT_NAME = "$(TARGET_NAME)";
				TARGETED_DEVICE_FAMILY = "1,2";
			};
			name = Debug;
		};
		2B43018E20E4E3B300C612A3 /* Release */ = {
			isa = XCBuildConfiguration;
			buildSettings = {
				ASSETCATALOG_COMPILER_APPICON_NAME = AppIcon;
				CODE_SIGN_STYLE = Automatic;
				DEVELOPMENT_TEAM = JZ3MZWR6S5;
				INFOPLIST_FILE = ImageToVideo/Info.plist;
				LD_RUNPATH_SEARCH_PATHS = (
					"$(inherited)",
					"@executable_path/Frameworks",
				);
				PRODUCT_BUNDLE_IDENTIFIER = com.myCom.ImageToVideo;
				PRODUCT_NAME = "$(TARGET_NAME)";
				TARGETED_DEVICE_FAMILY = "1,2";
			};
			name = Release;
		};
		2B43019020E4E3B300C612A3 /* Debug */ = {
			isa = XCBuildConfiguration;
			buildSettings = {
				BUNDLE_LOADER = "$(TEST_HOST)";
				CODE_SIGN_STYLE = Automatic;
				INFOPLIST_FILE = ImageToVideoTests/Info.plist;
				LD_RUNPATH_SEARCH_PATHS = (
					"$(inherited)",
					"@executable_path/Frameworks",
					"@loader_path/Frameworks",
				);
				PRODUCT_BUNDLE_IDENTIFIER = com.myCom.ImageToVideoTests;
				PRODUCT_NAME = "$(TARGET_NAME)";
				TARGETED_DEVICE_FAMILY = "1,2";
				TEST_HOST = "$(BUILT_PRODUCTS_DIR)/ImageToVideo.app/ImageToVideo";
			};
			name = Debug;
		};
		2B43019120E4E3B300C612A3 /* Release */ = {
			isa = XCBuildConfiguration;
			buildSettings = {
				BUNDLE_LOADER = "$(TEST_HOST)";
				CODE_SIGN_STYLE = Automatic;
				INFOPLIST_FILE = ImageToVideoTests/Info.plist;
				LD_RUNPATH_SEARCH_PATHS = (
					"$(inherited)",
					"@executable_path/Frameworks",
					"@loader_path/Frameworks",
				);
				PRODUCT_BUNDLE_IDENTIFIER = com.myCom.ImageToVideoTests;
				PRODUCT_NAME = "$(TARGET_NAME)";
				TARGETED_DEVICE_FAMILY = "1,2";
				TEST_HOST = "$(BUILT_PRODUCTS_DIR)/ImageToVideo.app/ImageToVideo";
			};
			name = Release;
		};
		2B43019320E4E3B300C612A3 /* Debug */ = {
			isa = XCBuildConfiguration;
			buildSettings = {
				CODE_SIGN_STYLE = Automatic;
				INFOPLIST_FILE = ImageToVideoUITests/Info.plist;
				LD_RUNPATH_SEARCH_PATHS = (
					"$(inherited)",
					"@executable_path/Frameworks",
					"@loader_path/Frameworks",
				);
				PRODUCT_BUNDLE_IDENTIFIER = com.myCom.ImageToVideoUITests;
				PRODUCT_NAME = "$(TARGET_NAME)";
				TARGETED_DEVICE_FAMILY = "1,2";
				TEST_TARGET_NAME = ImageToVideo;
			};
			name = Debug;
		};
		2B43019420E4E3B300C612A3 /* Release */ = {
			isa = XCBuildConfiguration;
			buildSettings = {
				CODE_SIGN_STYLE = Automatic;
				INFOPLIST_FILE = ImageToVideoUITests/Info.plist;
				LD_RUNPATH_SEARCH_PATHS = (
					"$(inherited)",
					"@executable_path/Frameworks",
					"@loader_path/Frameworks",
				);
				PRODUCT_BUNDLE_IDENTIFIER = com.myCom.ImageToVideoUITests;
				PRODUCT_NAME = "$(TARGET_NAME)";
				TARGETED_DEVICE_FAMILY = "1,2";
				TEST_TARGET_NAME = ImageToVideo;
			};
			name = Release;
		};
/* End XCBuildConfiguration section */

/* Begin XCConfigurationList section */
		2B43015B20E4E3B000C612A3 /* Build configuration list for PBXProject "ImageToVideo" */ = {
			isa = XCConfigurationList;
			buildConfigurations = (
				2B43018A20E4E3B300C612A3 /* Debug */,
				2B43018B20E4E3B300C612A3 /* Release */,
			);
			defaultConfigurationIsVisible = 0;
			defaultConfigurationName = Release;
		};
		2B43018C20E4E3B300C612A3 /* Build configuration list for PBXNativeTarget "ImageToVideo" */ = {
			isa = XCConfigurationList;
			buildConfigurations = (
				2B43018D20E4E3B300C612A3 /* Debug */,
				2B43018E20E4E3B300C612A3 /* Release */,
			);
			defaultConfigurationIsVisible = 0;
			defaultConfigurationName = Release;
		};
		2B43018F20E4E3B300C612A3 /* Build configuration list for PBXNativeTarget "ImageToVideoTests" */ = {
			isa = XCConfigurationList;
			buildConfigurations = (
				2B43019020E4E3B300C612A3 /* Debug */,
				2B43019120E4E3B300C612A3 /* Release */,
			);
			defaultConfigurationIsVisible = 0;
			defaultConfigurationName = Release;
		};
		2B43019220E4E3B300C612A3 /* Build configuration list for PBXNativeTarget "ImageToVideoUITests" */ = {
			isa = XCConfigurationList;
			buildConfigurations = (
				2B43019320E4E3B300C612A3 /* Debug */,
				2B43019420E4E3B300C612A3 /* Release */,
			);
			defaultConfigurationIsVisible = 0;
			defaultConfigurationName = Release;
		};
/* End XCConfigurationList section */
	};
	rootObject = 2B43015820E4E3B000C612A3 /* Project object */;
}
