// !$*UTF8*$!
{
	archiveVersion = 1;
	classes = {
	};
	objectVersion = 50;
	objects = {

/* Begin PBXBuildFile section */
		2BF7C06520CE4FA500A9162D /* AppDelegate.m in Sources */ = {isa = PBXBuildFile; fileRef = 2BF7C06420CE4FA500A9162D /* AppDelegate.m */; };
		2BF7C06820CE4FA500A9162D /* ViewController.m in Sources */ = {isa = PBXBuildFile; fileRef = 2BF7C06720CE4FA500A9162D /* ViewController.m */; };
		2BF7C06B20CE4FA500A9162D /* Main.storyboard in Resources */ = {isa = PBXBuildFile; fileRef = 2BF7C06920CE4FA500A9162D /* Main.storyboard */; };
		2BF7C06D20CE4FA700A9162D /* Assets.xcassets in Resources */ = {isa = PBXBuildFile; fileRef = 2BF7C06C20CE4FA700A9162D /* Assets.xcassets */; };
		2BF7C07020CE4FA700A9162D /* LaunchScreen.storyboard in Resources */ = {isa = PBXBuildFile; fileRef = 2BF7C06E20CE4FA700A9162D /* LaunchScreen.storyboard */; };
		2BF7C07320CE4FA700A9162D /* main.m in Sources */ = {isa = PBXBuildFile; fileRef = 2BF7C07220CE4FA700A9162D /* main.m */; };
		2BF7C07D20CE4FA800A9162D /* NotifTests.m in Sources */ = {isa = PBXBuildFile; fileRef = 2BF7C07C20CE4FA800A9162D /* NotifTests.m */; };
		2BF7C08820CE4FA800A9162D /* NotifUITests.m in Sources */ = {isa = PBXBuildFile; fileRef = 2BF7C08720CE4FA800A9162D /* NotifUITests.m */; };
/* End PBXBuildFile section */

/* Begin PBXContainerItemProxy section */
		2BF7C07920CE4FA800A9162D /* PBXContainerItemProxy */ = {
			isa = PBXContainerItemProxy;
			containerPortal = 2BF7C05820CE4FA400A9162D /* Project object */;
			proxyType = 1;
			remoteGlobalIDString = 2BF7C05F20CE4FA400A9162D;
			remoteInfo = Notif;
		};
		2BF7C08420CE4FA800A9162D /* PBXContainerItemProxy */ = {
			isa = PBXContainerItemProxy;
			containerPortal = 2BF7C05820CE4FA400A9162D /* Project object */;
			proxyType = 1;
			remoteGlobalIDString = 2BF7C05F20CE4FA400A9162D;
			remoteInfo = Notif;
		};
/* End PBXContainerItemProxy section */

/* Begin PBXFileReference section */
		2BF7C06020CE4FA400A9162D /* Notif.app */ = {isa = PBXFileReference; explicitFileType = wrapper.application; includeInIndex = 0; path = Notif.app; sourceTree = BUILT_PRODUCTS_DIR; };
		2BF7C06320CE4FA400A9162D /* AppDelegate.h */ = {isa = PBXFileReference; lastKnownFileType = sourcecode.c.h; path = AppDelegate.h; sourceTree = "<group>"; };
		2BF7C06420CE4FA500A9162D /* AppDelegate.m */ = {isa = PBXFileReference; lastKnownFileType = sourcecode.c.objc; path = AppDelegate.m; sourceTree = "<group>"; };
		2BF7C06620CE4FA500A9162D /* ViewController.h */ = {isa = PBXFileReference; lastKnownFileType = sourcecode.c.h; path = ViewController.h; sourceTree = "<group>"; };
		2BF7C06720CE4FA500A9162D /* ViewController.m */ = {isa = PBXFileReference; lastKnownFileType = sourcecode.c.objc; path = ViewController.m; sourceTree = "<group>"; };
		2BF7C06A20CE4FA500A9162D /* Base */ = {isa = PBXFileReference; lastKnownFileType = file.storyboard; name = Base; path = Base.lproj/Main.storyboard; sourceTree = "<group>"; };
		2BF7C06C20CE4FA700A9162D /* Assets.xcassets */ = {isa = PBXFileReference; lastKnownFileType = folder.assetcatalog; path = Assets.xcassets; sourceTree = "<group>"; };
		2BF7C06F20CE4FA700A9162D /* Base */ = {isa = PBXFileReference; lastKnownFileType = file.storyboard; name = Base; path = Base.lproj/LaunchScreen.storyboard; sourceTree = "<group>"; };
		2BF7C07120CE4FA700A9162D /* Info.plist */ = {isa = PBXFileReference; lastKnownFileType = text.plist.xml; path = Info.plist; sourceTree = "<group>"; };
		2BF7C07220CE4FA700A9162D /* main.m */ = {isa = PBXFileReference; lastKnownFileType = sourcecode.c.objc; path = main.m; sourceTree = "<group>"; };
		2BF7C07820CE4FA800A9162D /* NotifTests.xctest */ = {isa = PBXFileReference; explicitFileType = wrapper.cfbundle; includeInIndex = 0; path = NotifTests.xctest; sourceTree = BUILT_PRODUCTS_DIR; };
		2BF7C07C20CE4FA800A9162D /* NotifTests.m */ = {isa = PBXFileReference; lastKnownFileType = sourcecode.c.objc; path = NotifTests.m; sourceTree = "<group>"; };
		2BF7C07E20CE4FA800A9162D /* Info.plist */ = {isa = PBXFileReference; lastKnownFileType = text.plist.xml; path = Info.plist; sourceTree = "<group>"; };
		2BF7C08320CE4FA800A9162D /* NotifUITests.xctest */ = {isa = PBXFileReference; explicitFileType = wrapper.cfbundle; includeInIndex = 0; path = NotifUITests.xctest; sourceTree = BUILT_PRODUCTS_DIR; };
		2BF7C08720CE4FA800A9162D /* NotifUITests.m */ = {isa = PBXFileReference; lastKnownFileType = sourcecode.c.objc; path = NotifUITests.m; sourceTree = "<group>"; };
		2BF7C08920CE4FA800A9162D /* Info.plist */ = {isa = PBXFileReference; lastKnownFileType = text.plist.xml; path = Info.plist; sourceTree = "<group>"; };
/* End PBXFileReference section */

/* Begin PBXFrameworksBuildPhase section */
		2BF7C05D20CE4FA400A9162D /* Frameworks */ = {
			isa = PBXFrameworksBuildPhase;
			buildActionMask = 2147483647;
			files = (
			);
			runOnlyForDeploymentPostprocessing = 0;
		};
		2BF7C07520CE4FA800A9162D /* Frameworks */ = {
			isa = PBXFrameworksBuildPhase;
			buildActionMask = 2147483647;
			files = (
			);
			runOnlyForDeploymentPostprocessing = 0;
		};
		2BF7C08020CE4FA800A9162D /* Frameworks */ = {
			isa = PBXFrameworksBuildPhase;
			buildActionMask = 2147483647;
			files = (
			);
			runOnlyForDeploymentPostprocessing = 0;
		};
/* End PBXFrameworksBuildPhase section */

/* Begin PBXGroup section */
		2BF7C05720CE4FA400A9162D = {
			isa = PBXGroup;
			children = (
				2BF7C06220CE4FA400A9162D /* Notif */,
				2BF7C07B20CE4FA800A9162D /* NotifTests */,
				2BF7C08620CE4FA800A9162D /* NotifUITests */,
				2BF7C06120CE4FA400A9162D /* Products */,
			);
			sourceTree = "<group>";
		};
		2BF7C06120CE4FA400A9162D /* Products */ = {
			isa = PBXGroup;
			children = (
				2BF7C06020CE4FA400A9162D /* Notif.app */,
				2BF7C07820CE4FA800A9162D /* NotifTests.xctest */,
				2BF7C08320CE4FA800A9162D /* NotifUITests.xctest */,
			);
			name = Products;
			sourceTree = "<group>";
		};
		2BF7C06220CE4FA400A9162D /* Notif */ = {
			isa = PBXGroup;
			children = (
				2BF7C06320CE4FA400A9162D /* AppDelegate.h */,
				2BF7C06420CE4FA500A9162D /* AppDelegate.m */,
				2BF7C06620CE4FA500A9162D /* ViewController.h */,
				2BF7C06720CE4FA500A9162D /* ViewController.m */,
				2BF7C06920CE4FA500A9162D /* Main.storyboard */,
				2BF7C06C20CE4FA700A9162D /* Assets.xcassets */,
				2BF7C06E20CE4FA700A9162D /* LaunchScreen.storyboard */,
				2BF7C07120CE4FA700A9162D /* Info.plist */,
				2BF7C07220CE4FA700A9162D /* main.m */,
			);
			path = Notif;
			sourceTree = "<group>";
		};
		2BF7C07B20CE4FA800A9162D /* NotifTests */ = {
			isa = PBXGroup;
			children = (
				2BF7C07C20CE4FA800A9162D /* NotifTests.m */,
				2BF7C07E20CE4FA800A9162D /* Info.plist */,
			);
			path = NotifTests;
			sourceTree = "<group>";
		};
		2BF7C08620CE4FA800A9162D /* NotifUITests */ = {
			isa = PBXGroup;
			children = (
				2BF7C08720CE4FA800A9162D /* NotifUITests.m */,
				2BF7C08920CE4FA800A9162D /* Info.plist */,
			);
			path = NotifUITests;
			sourceTree = "<group>";
		};
/* End PBXGroup section */

/* Begin PBXNativeTarget section */
		2BF7C05F20CE4FA400A9162D /* Notif */ = {
			isa = PBXNativeTarget;
			buildConfigurationList = 2BF7C08C20CE4FA800A9162D /* Build configuration list for PBXNativeTarget "Notif" */;
			buildPhases = (
				2BF7C05C20CE4FA400A9162D /* Sources */,
				2BF7C05D20CE4FA400A9162D /* Frameworks */,
				2BF7C05E20CE4FA400A9162D /* Resources */,
			);
			buildRules = (
			);
			dependencies = (
			);
			name = Notif;
			productName = Notif;
			productReference = 2BF7C06020CE4FA400A9162D /* Notif.app */;
			productType = "com.apple.product-type.application";
		};
		2BF7C07720CE4FA800A9162D /* NotifTests */ = {
			isa = PBXNativeTarget;
			buildConfigurationList = 2BF7C08F20CE4FA800A9162D /* Build configuration list for PBXNativeTarget "NotifTests" */;
			buildPhases = (
				2BF7C07420CE4FA800A9162D /* Sources */,
				2BF7C07520CE4FA800A9162D /* Frameworks */,
				2BF7C07620CE4FA800A9162D /* Resources */,
			);
			buildRules = (
			);
			dependencies = (
				2BF7C07A20CE4FA800A9162D /* PBXTargetDependency */,
			);
			name = NotifTests;
			productName = NotifTests;
			productReference = 2BF7C07820CE4FA800A9162D /* NotifTests.xctest */;
			productType = "com.apple.product-type.bundle.unit-test";
		};
		2BF7C08220CE4FA800A9162D /* NotifUITests */ = {
			isa = PBXNativeTarget;
			buildConfigurationList = 2BF7C09220CE4FA800A9162D /* Build configuration list for PBXNativeTarget "NotifUITests" */;
			buildPhases = (
				2BF7C07F20CE4FA800A9162D /* Sources */,
				2BF7C08020CE4FA800A9162D /* Frameworks */,
				2BF7C08120CE4FA800A9162D /* Resources */,
			);
			buildRules = (
			);
			dependencies = (
				2BF7C08520CE4FA800A9162D /* PBXTargetDependency */,
			);
			name = NotifUITests;
			productName = NotifUITests;
			productReference = 2BF7C08320CE4FA800A9162D /* NotifUITests.xctest */;
			productType = "com.apple.product-type.bundle.ui-testing";
		};
/* End PBXNativeTarget section */

/* Begin PBXProject section */
		2BF7C05820CE4FA400A9162D /* Project object */ = {
			isa = PBXProject;
			attributes = {
				LastUpgradeCheck = 0930;
				ORGANIZATIONNAME = hetao;
				TargetAttributes = {
					2BF7C05F20CE4FA400A9162D = {
						CreatedOnToolsVersion = 9.3;
					};
					2BF7C07720CE4FA800A9162D = {
						CreatedOnToolsVersion = 9.3;
						TestTargetID = 2BF7C05F20CE4FA400A9162D;
					};
					2BF7C08220CE4FA800A9162D = {
						CreatedOnToolsVersion = 9.3;
						TestTargetID = 2BF7C05F20CE4FA400A9162D;
					};
				};
			};
			buildConfigurationList = 2BF7C05B20CE4FA400A9162D /* Build configuration list for PBXProject "Notif" */;
			compatibilityVersion = "Xcode 9.3";
			developmentRegion = en;
			hasScannedForEncodings = 0;
			knownRegions = (
				en,
				Base,
			);
			mainGroup = 2BF7C05720CE4FA400A9162D;
			productRefGroup = 2BF7C06120CE4FA400A9162D /* Products */;
			projectDirPath = "";
			projectRoot = "";
			targets = (
				2BF7C05F20CE4FA400A9162D /* Notif */,
				2BF7C07720CE4FA800A9162D /* NotifTests */,
				2BF7C08220CE4FA800A9162D /* NotifUITests */,
			);
		};
/* End PBXProject section */

/* Begin PBXResourcesBuildPhase section */
		2BF7C05E20CE4FA400A9162D /* Resources */ = {
			isa = PBXResourcesBuildPhase;
			buildActionMask = 2147483647;
			files = (
				2BF7C07020CE4FA700A9162D /* LaunchScreen.storyboard in Resources */,
				2BF7C06D20CE4FA700A9162D /* Assets.xcassets in Resources */,
				2BF7C06B20CE4FA500A9162D /* Main.storyboard in Resources */,
			);
			runOnlyForDeploymentPostprocessing = 0;
		};
		2BF7C07620CE4FA800A9162D /* Resources */ = {
			isa = PBXResourcesBuildPhase;
			buildActionMask = 2147483647;
			files = (
			);
			runOnlyForDeploymentPostprocessing = 0;
		};
		2BF7C08120CE4FA800A9162D /* Resources */ = {
			isa = PBXResourcesBuildPhase;
			buildActionMask = 2147483647;
			files = (
			);
			runOnlyForDeploymentPostprocessing = 0;
		};
/* End PBXResourcesBuildPhase section */

/* Begin PBXSourcesBuildPhase section */
		2BF7C05C20CE4FA400A9162D /* Sources */ = {
			isa = PBXSourcesBuildPhase;
			buildActionMask = 2147483647;
			files = (
				2BF7C06820CE4FA500A9162D /* ViewController.m in Sources */,
				2BF7C07320CE4FA700A9162D /* main.m in Sources */,
				2BF7C06520CE4FA500A9162D /* AppDelegate.m in Sources */,
			);
			runOnlyForDeploymentPostprocessing = 0;
		};
		2BF7C07420CE4FA800A9162D /* Sources */ = {
			isa = PBXSourcesBuildPhase;
			buildActionMask = 2147483647;
			files = (
				2BF7C07D20CE4FA800A9162D /* NotifTests.m in Sources */,
			);
			runOnlyForDeploymentPostprocessing = 0;
		};
		2BF7C07F20CE4FA800A9162D /* Sources */ = {
			isa = PBXSourcesBuildPhase;
			buildActionMask = 2147483647;
			files = (
				2BF7C08820CE4FA800A9162D /* NotifUITests.m in Sources */,
			);
			runOnlyForDeploymentPostprocessing = 0;
		};
/* End PBXSourcesBuildPhase section */

/* Begin PBXTargetDependency section */
		2BF7C07A20CE4FA800A9162D /* PBXTargetDependency */ = {
			isa = PBXTargetDependency;
			target = 2BF7C05F20CE4FA400A9162D /* Notif */;
			targetProxy = 2BF7C07920CE4FA800A9162D /* PBXContainerItemProxy */;
		};
		2BF7C08520CE4FA800A9162D /* PBXTargetDependency */ = {
			isa = PBXTargetDependency;
			target = 2BF7C05F20CE4FA400A9162D /* Notif */;
			targetProxy = 2BF7C08420CE4FA800A9162D /* PBXContainerItemProxy */;
		};
/* End PBXTargetDependency section */

/* Begin PBXVariantGroup section */
		2BF7C06920CE4FA500A9162D /* Main.storyboard */ = {
			isa = PBXVariantGroup;
			children = (
				2BF7C06A20CE4FA500A9162D /* Base */,
			);
			name = Main.storyboard;
			sourceTree = "<group>";
		};
		2BF7C06E20CE4FA700A9162D /* LaunchScreen.storyboard */ = {
			isa = PBXVariantGroup;
			children = (
				2BF7C06F20CE4FA700A9162D /* Base */,
			);
			name = LaunchScreen.storyboard;
			sourceTree = "<group>";
		};
/* End PBXVariantGroup section */

/* Begin XCBuildConfiguration section */
		2BF7C08A20CE4FA800A9162D /* Debug */ = {
			isa = XCBuildConfiguration;
			buildSettings = {
				ALWAYS_SEARCH_USER_PATHS = NO;
				CLANG_ANALYZER_NONNULL = YES;
				CLANG_ANALYZER_NUMBER_OBJECT_CONVERSION = YES_AGGRESSIVE;
				CLANG_CXX_LANGUAGE_STANDARD = "gnu++14";
				CLANG_CXX_LIBRARY = "libc++";
				CLANG_ENABLE_MODULES = YES;
				CLANG_ENABLE_OBJC_ARC = YES;
				CLANG_ENABLE_OBJC_WEAK = YES;
				CLANG_WARN_BLOCK_CAPTURE_AUTORELEASING = YES;
				CLANG_WARN_BOOL_CONVERSION = YES;
				CLANG_WARN_COMMA = YES;
				CLANG_WARN_CONSTANT_CONVERSION = YES;
				CLANG_WARN_DEPRECATED_OBJC_IMPLEMENTATIONS = YES;
				CLANG_WARN_DIRECT_OBJC_ISA_USAGE = YES_ERROR;
				CLANG_WARN_DOCUMENTATION_COMMENTS = YES;
				CLANG_WARN_EMPTY_BODY = YES;
				CLANG_WARN_ENUM_CONVERSION = YES;
				CLANG_WARN_INFINITE_RECURSION = YES;
				CLANG_WARN_INT_CONVERSION = YES;
				CLANG_WARN_NON_LITERAL_NULL_CONVERSION = YES;
				CLANG_WARN_OBJC_IMPLICIT_RETAIN_SELF = YES;
				CLANG_WARN_OBJC_LITERAL_CONVERSION = YES;
				CLANG_WARN_OBJC_ROOT_CLASS = YES_ERROR;
				CLANG_WARN_RANGE_LOOP_ANALYSIS = YES;
				CLANG_WARN_STRICT_PROTOTYPES = YES;
				CLANG_WARN_SUSPICIOUS_MOVE = YES;
				CLANG_WARN_UNGUARDED_AVAILABILITY = YES_AGGRESSIVE;
				CLANG_WARN_UNREACHABLE_CODE = YES;
				CLANG_WARN__DUPLICATE_METHOD_MATCH = YES;
				CODE_SIGN_IDENTITY = "iPhone Developer";
				COPY_PHASE_STRIP = NO;
				DEBUG_INFORMATION_FORMAT = dwarf;
				ENABLE_STRICT_OBJC_MSGSEND = YES;
				ENABLE_TESTABILITY = YES;
				GCC_C_LANGUAGE_STANDARD = gnu11;
				GCC_DYNAMIC_NO_PIC = NO;
				GCC_NO_COMMON_BLOCKS = YES;
				GCC_OPTIMIZATION_LEVEL = 0;
				GCC_PREPROCESSOR_DEFINITIONS = (
					"DEBUG=1",
					"$(inherited)",
				);
				GCC_WARN_64_TO_32_BIT_CONVERSION = YES;
				GCC_WARN_ABOUT_RETURN_TYPE = YES_ERROR;
				GCC_WARN_UNDECLARED_SELECTOR = YES;
				GCC_WARN_UNINITIALIZED_AUTOS = YES_AGGRESSIVE;
				GCC_WARN_UNUSED_FUNCTION = YES;
				GCC_WARN_UNUSED_VARIABLE = YES;
				IPHONEOS_DEPLOYMENT_TARGET = 8.0;
				MTL_ENABLE_DEBUG_INFO = YES;
				ONLY_ACTIVE_ARCH = YES;
				SDKROOT = iphoneos;
			};
			name = Debug;
		};
		2BF7C08B20CE4FA800A9162D /* Release */ = {
			isa = XCBuildConfiguration;
			buildSettings = {
				ALWAYS_SEARCH_USER_PATHS = NO;
				CLANG_ANALYZER_NONNULL = YES;
				CLANG_ANALYZER_NUMBER_OBJECT_CONVERSION = YES_AGGRESSIVE;
				CLANG_CXX_LANGUAGE_STANDARD = "gnu++14";
				CLANG_CXX_LIBRARY = "libc++";
				CLANG_ENABLE_MODULES = YES;
				CLANG_ENABLE_OBJC_ARC = YES;
				CLANG_ENABLE_OBJC_WEAK = YES;
				CLANG_WARN_BLOCK_CAPTURE_AUTORELEASING = YES;
				CLANG_WARN_BOOL_CONVERSION = YES;
				CLANG_WARN_COMMA = YES;
				CLANG_WARN_CONSTANT_CONVERSION = YES;
				CLANG_WARN_DEPRECATED_OBJC_IMPLEMENTATIONS = YES;
				CLANG_WARN_DIRECT_OBJC_ISA_USAGE = YES_ERROR;
				CLANG_WARN_DOCUMENTATION_COMMENTS = YES;
				CLANG_WARN_EMPTY_BODY = YES;
				CLANG_WARN_ENUM_CONVERSION = YES;
				CLANG_WARN_INFINITE_RECURSION = YES;
				CLANG_WARN_INT_CONVERSION = YES;
				CLANG_WARN_NON_LITERAL_NULL_CONVERSION = YES;
				CLANG_WARN_OBJC_IMPLICIT_RETAIN_SELF = YES;
				CLANG_WARN_OBJC_LITERAL_CONVERSION = YES;
				CLANG_WARN_OBJC_ROOT_CLASS = YES_ERROR;
				CLANG_WARN_RANGE_LOOP_ANALYSIS = YES;
				CLANG_WARN_STRICT_PROTOTYPES = YES;
				CLANG_WARN_SUSPICIOUS_MOVE = YES;
				CLANG_WARN_UNGUARDED_AVAILABILITY = YES_AGGRESSIVE;
				CLANG_WARN_UNREACHABLE_CODE = YES;
				CLANG_WARN__DUPLICATE_METHOD_MATCH = YES;
				CODE_SIGN_IDENTITY = "iPhone Developer";
				COPY_PHASE_STRIP = NO;
				DEBUG_INFORMATION_FORMAT = "dwarf-with-dsym";
				ENABLE_NS_ASSERTIONS = NO;
				ENABLE_STRICT_OBJC_MSGSEND = YES;
				GCC_C_LANGUAGE_STANDARD = gnu11;
				GCC_NO_COMMON_BLOCKS = YES;
				GCC_WARN_64_TO_32_BIT_CONVERSION = YES;
				GCC_WARN_ABOUT_RETURN_TYPE = YES_ERROR;
				GCC_WARN_UNDECLARED_SELECTOR = YES;
				GCC_WARN_UNINITIALIZED_AUTOS = YES_AGGRESSIVE;
				GCC_WARN_UNUSED_FUNCTION = YES;
				GCC_WARN_UNUSED_VARIABLE = YES;
				IPHONEOS_DEPLOYMENT_TARGET = 8.0;
				MTL_ENABLE_DEBUG_INFO = NO;
				SDKROOT = iphoneos;
				VALIDATE_PRODUCT = YES;
			};
			name = Release;
		};
		2BF7C08D20CE4FA800A9162D /* Debug */ = {
			isa = XCBuildConfiguration;
			buildSettings = {
				ASSETCATALOG_COMPILER_APPICON_NAME = AppIcon;
				CODE_SIGN_STYLE = Automatic;
				DEVELOPMENT_TEAM = JZ3MZWR6S5;
				INFOPLIST_FILE = Notif/Info.plist;
				LD_RUNPATH_SEARCH_PATHS = (
					"$(inherited)",
					"@executable_path/Frameworks",
				);
				PRODUCT_BUNDLE_IDENTIFIER = com.myCom.Notif;
				PRODUCT_NAME = "$(TARGET_NAME)";
				TARGETED_DEVICE_FAMILY = "1,2";
			};
			name = Debug;
		};
		2BF7C08E20CE4FA800A9162D /* Release */ = {
			isa = XCBuildConfiguration;
			buildSettings = {
				ASSETCATALOG_COMPILER_APPICON_NAME = AppIcon;
				CODE_SIGN_STYLE = Automatic;
				DEVELOPMENT_TEAM = JZ3MZWR6S5;
				INFOPLIST_FILE = Notif/Info.plist;
				LD_RUNPATH_SEARCH_PATHS = (
					"$(inherited)",
					"@executable_path/Frameworks",
				);
				PRODUCT_BUNDLE_IDENTIFIER = com.myCom.Notif;
				PRODUCT_NAME = "$(TARGET_NAME)";
				TARGETED_DEVICE_FAMILY = "1,2";
			};
			name = Release;
		};
		2BF7C09020CE4FA800A9162D /* Debug */ = {
			isa = XCBuildConfiguration;
			buildSettings = {
				BUNDLE_LOADER = "$(TEST_HOST)";
				CODE_SIGN_STYLE = Automatic;
				INFOPLIST_FILE = NotifTests/Info.plist;
				LD_RUNPATH_SEARCH_PATHS = (
					"$(inherited)",
					"@executable_path/Frameworks",
					"@loader_path/Frameworks",
				);
				PRODUCT_BUNDLE_IDENTIFIER = com.myCom.NotifTests;
				PRODUCT_NAME = "$(TARGET_NAME)";
				TARGETED_DEVICE_FAMILY = "1,2";
				TEST_HOST = "$(BUILT_PRODUCTS_DIR)/Notif.app/Notif";
			};
			name = Debug;
		};
		2BF7C09120CE4FA800A9162D /* Release */ = {
			isa = XCBuildConfiguration;
			buildSettings = {
				BUNDLE_LOADER = "$(TEST_HOST)";
				CODE_SIGN_STYLE = Automatic;
				INFOPLIST_FILE = NotifTests/Info.plist;
				LD_RUNPATH_SEARCH_PATHS = (
					"$(inherited)",
					"@executable_path/Frameworks",
					"@loader_path/Frameworks",
				);
				PRODUCT_BUNDLE_IDENTIFIER = com.myCom.NotifTests;
				PRODUCT_NAME = "$(TARGET_NAME)";
				TARGETED_DEVICE_FAMILY = "1,2";
				TEST_HOST = "$(BUILT_PRODUCTS_DIR)/Notif.app/Notif";
			};
			name = Release;
		};
		2BF7C09320CE4FA800A9162D /* Debug */ = {
			isa = XCBuildConfiguration;
			buildSettings = {
				CODE_SIGN_STYLE = Automatic;
				INFOPLIST_FILE = NotifUITests/Info.plist;
				LD_RUNPATH_SEARCH_PATHS = (
					"$(inherited)",
					"@executable_path/Frameworks",
					"@loader_path/Frameworks",
				);
				PRODUCT_BUNDLE_IDENTIFIER = com.myCom.NotifUITests;
				PRODUCT_NAME = "$(TARGET_NAME)";
				TARGETED_DEVICE_FAMILY = "1,2";
				TEST_TARGET_NAME = Notif;
			};
			name = Debug;
		};
		2BF7C09420CE4FA800A9162D /* Release */ = {
			isa = XCBuildConfiguration;
			buildSettings = {
				CODE_SIGN_STYLE = Automatic;
				INFOPLIST_FILE = NotifUITests/Info.plist;
				LD_RUNPATH_SEARCH_PATHS = (
					"$(inherited)",
					"@executable_path/Frameworks",
					"@loader_path/Frameworks",
				);
				PRODUCT_BUNDLE_IDENTIFIER = com.myCom.NotifUITests;
				PRODUCT_NAME = "$(TARGET_NAME)";
				TARGETED_DEVICE_FAMILY = "1,2";
				TEST_TARGET_NAME = Notif;
			};
			name = Release;
		};
/* End XCBuildConfiguration section */

/* Begin XCConfigurationList section */
		2BF7C05B20CE4FA400A9162D /* Build configuration list for PBXProject "Notif" */ = {
			isa = XCConfigurationList;
			buildConfigurations = (
				2BF7C08A20CE4FA800A9162D /* Debug */,
				2BF7C08B20CE4FA800A9162D /* Release */,
			);
			defaultConfigurationIsVisible = 0;
			defaultConfigurationName = Release;
		};
		2BF7C08C20CE4FA800A9162D /* Build configuration list for PBXNativeTarget "Notif" */ = {
			isa = XCConfigurationList;
			buildConfigurations = (
				2BF7C08D20CE4FA800A9162D /* Debug */,
				2BF7C08E20CE4FA800A9162D /* Release */,
			);
			defaultConfigurationIsVisible = 0;
			defaultConfigurationName = Release;
		};
		2BF7C08F20CE4FA800A9162D /* Build configuration list for PBXNativeTarget "NotifTests" */ = {
			isa = XCConfigurationList;
			buildConfigurations = (
				2BF7C09020CE4FA800A9162D /* Debug */,
				2BF7C09120CE4FA800A9162D /* Release */,
			);
			defaultConfigurationIsVisible = 0;
			defaultConfigurationName = Release;
		};
		2BF7C09220CE4FA800A9162D /* Build configuration list for PBXNativeTarget "NotifUITests" */ = {
			isa = XCConfigurationList;
			buildConfigurations = (
				2BF7C09320CE4FA800A9162D /* Debug */,
				2BF7C09420CE4FA800A9162D /* Release */,
			);
			defaultConfigurationIsVisible = 0;
			defaultConfigurationName = Release;
		};
/* End XCConfigurationList section */
	};
	rootObject = 2BF7C05820CE4FA400A9162D /* Project object */;
}
